// !$*UTF8*$!
{
	archiveVersion = 1;
	classes = {
	};
	objectVersion = 51;
	objects = {

/* Begin PBXBuildFile section */
		1352FE2CA3BFBB08CE1258C8 /* AmplifyModels.swift in Sources */ = {isa = PBXBuildFile; fileRef = A9991F64C8C41F8EC7165898 /* AmplifyModels.swift */; };
		3664D0A3F222A94582312103 /* NoteData+Schema.swift in Sources */ = {isa = PBXBuildFile; fileRef = DB18863706AD85DE44C5D6D9 /* NoteData+Schema.swift */; };
		59F4A1276AFE47FA0D000953 /* awsconfiguration.json in Resources */ = {isa = PBXBuildFile; fileRef = FCCC155C526D2EB6AA561737 /* awsconfiguration.json */; };
		A599A61B63A3CC89786ED66D /* NoteData.swift in Sources */ = {isa = PBXBuildFile; fileRef = CC59C7AE5C5842F03532504F /* NoteData.swift */; };
		BF383822D9FF7E6B6A561499 /* amplifyconfiguration.json in Resources */ = {isa = PBXBuildFile; fileRef = D9BF4F050754FBF0B11F8B1B /* amplifyconfiguration.json */; };
		DDD60BA22D02CB7BA2BEE008 /* Pods_awsApp.framework in Frameworks */ = {isa = PBXBuildFile; fileRef = 579BA4FA7C669A8ABB0C380F /* Pods_awsApp.framework */; };
		FC58D3EE266DD23B002C4C1A /* awsAppApp.swift in Sources */ = {isa = PBXBuildFile; fileRef = FC58D3ED266DD23B002C4C1A /* awsAppApp.swift */; };
		FC58D3F0266DD23B002C4C1A /* ContentView.swift in Sources */ = {isa = PBXBuildFile; fileRef = FC58D3EF266DD23B002C4C1A /* ContentView.swift */; };
		FC58D3F2266DD23E002C4C1A /* Assets.xcassets in Resources */ = {isa = PBXBuildFile; fileRef = FC58D3F1266DD23E002C4C1A /* Assets.xcassets */; };
		FC58D3F5266DD23E002C4C1A /* Preview Assets.xcassets in Resources */ = {isa = PBXBuildFile; fileRef = FC58D3F4266DD23E002C4C1A /* Preview Assets.xcassets */; };
		FC58D400266DD23F002C4C1A /* awsAppTests.swift in Sources */ = {isa = PBXBuildFile; fileRef = FC58D3FF266DD23F002C4C1A /* awsAppTests.swift */; };
		FC58D40B266DD23F002C4C1A /* awsAppUITests.swift in Sources */ = {isa = PBXBuildFile; fileRef = FC58D40A266DD23F002C4C1A /* awsAppUITests.swift */; };
		FCF0CBF6266DDF9900B584AE /* amplifyconfiguration.json in Resources */ = {isa = PBXBuildFile; fileRef = FCF0CBF4266DDF9900B584AE /* amplifyconfiguration.json */; };
		FCF0CBF7266DDF9900B584AE /* awsconfiguration.json in Resources */ = {isa = PBXBuildFile; fileRef = FCF0CBF5266DDF9900B584AE /* awsconfiguration.json */; };
		FCF0CBF9266DDFAB00B584AE /* Backend.swift in Sources */ = {isa = PBXBuildFile; fileRef = FCF0CBF8266DDFAB00B584AE /* Backend.swift */; };
		FCF0CBFB266DDFCC00B584AE /* AppDelegate.swift in Sources */ = {isa = PBXBuildFile; fileRef = FCF0CBFA266DDFCC00B584AE /* AppDelegate.swift */; };
		FCF0CC01266E6EF800B584AE /* NoteData.swift in Sources */ = {isa = PBXBuildFile; fileRef = FCF0CBFE266E6EF800B584AE /* NoteData.swift */; };
		FCF0CC02266E6EF800B584AE /* AmplifyModels.swift in Sources */ = {isa = PBXBuildFile; fileRef = FCF0CBFF266E6EF800B584AE /* AmplifyModels.swift */; };
		FCF0CC03266E6EF900B584AE /* NoteData+Schema.swift in Sources */ = {isa = PBXBuildFile; fileRef = FCF0CC00266E6EF800B584AE /* NoteData+Schema.swift */; };
/* End PBXBuildFile section */

/* Begin PBXContainerItemProxy section */
		FC58D3FC266DD23F002C4C1A /* PBXContainerItemProxy */ = {
			isa = PBXContainerItemProxy;
			containerPortal = FC58D3E2266DD23B002C4C1A /* Project object */;
			proxyType = 1;
			remoteGlobalIDString = FC58D3E9266DD23B002C4C1A;
			remoteInfo = awsApp;
		};
		FC58D407266DD23F002C4C1A /* PBXContainerItemProxy */ = {
			isa = PBXContainerItemProxy;
			containerPortal = FC58D3E2266DD23B002C4C1A /* Project object */;
			proxyType = 1;
			remoteGlobalIDString = FC58D3E9266DD23B002C4C1A;
			remoteInfo = awsApp;
		};
/* End PBXContainerItemProxy section */

/* Begin PBXFileReference section */
		078B4590C59B8690C818F1E1 /* Pods-awsApp.release.xcconfig */ = {isa = PBXFileReference; includeInIndex = 1; lastKnownFileType = text.xcconfig; name = "Pods-awsApp.release.xcconfig"; path = "Target Support Files/Pods-awsApp/Pods-awsApp.release.xcconfig"; sourceTree = "<group>"; };
		4FF1D760E31C285D8CABF78F /* Pods-awsApp.debug.xcconfig */ = {isa = PBXFileReference; includeInIndex = 1; lastKnownFileType = text.xcconfig; name = "Pods-awsApp.debug.xcconfig"; path = "Target Support Files/Pods-awsApp/Pods-awsApp.debug.xcconfig"; sourceTree = "<group>"; };
		579BA4FA7C669A8ABB0C380F /* Pods_awsApp.framework */ = {isa = PBXFileReference; explicitFileType = wrapper.framework; includeInIndex = 0; path = Pods_awsApp.framework; sourceTree = BUILT_PRODUCTS_DIR; };
		A9991F64C8C41F8EC7165898 /* AmplifyModels.swift */ = {isa = PBXFileReference; explicitFileType = sourcecode.swift; name = AmplifyModels.swift; path = amplify/generated/models/AmplifyModels.swift; sourceTree = "<group>"; };
		CC59C7AE5C5842F03532504F /* NoteData.swift */ = {isa = PBXFileReference; explicitFileType = sourcecode.swift; name = NoteData.swift; path = amplify/generated/models/NoteData.swift; sourceTree = "<group>"; };
		D9BF4F050754FBF0B11F8B1B /* amplifyconfiguration.json */ = {isa = PBXFileReference; explicitFileType = text.json; path = amplifyconfiguration.json; sourceTree = "<group>"; };
		DB18863706AD85DE44C5D6D9 /* NoteData+Schema.swift */ = {isa = PBXFileReference; explicitFileType = sourcecode.swift; name = "NoteData+Schema.swift"; path = "amplify/generated/models/NoteData+Schema.swift"; sourceTree = "<group>"; };
		FC58D3EA266DD23B002C4C1A /* awsApp.app */ = {isa = PBXFileReference; explicitFileType = wrapper.application; includeInIndex = 0; path = awsApp.app; sourceTree = BUILT_PRODUCTS_DIR; };
		FC58D3ED266DD23B002C4C1A /* awsAppApp.swift */ = {isa = PBXFileReference; lastKnownFileType = sourcecode.swift; path = awsAppApp.swift; sourceTree = "<group>"; };
		FC58D3EF266DD23B002C4C1A /* ContentView.swift */ = {isa = PBXFileReference; lastKnownFileType = sourcecode.swift; path = ContentView.swift; sourceTree = "<group>"; };
		FC58D3F1266DD23E002C4C1A /* Assets.xcassets */ = {isa = PBXFileReference; lastKnownFileType = folder.assetcatalog; path = Assets.xcassets; sourceTree = "<group>"; };
		FC58D3F4266DD23E002C4C1A /* Preview Assets.xcassets */ = {isa = PBXFileReference; lastKnownFileType = folder.assetcatalog; path = "Preview Assets.xcassets"; sourceTree = "<group>"; };
		FC58D3F6266DD23E002C4C1A /* Info.plist */ = {isa = PBXFileReference; lastKnownFileType = text.plist.xml; path = Info.plist; sourceTree = "<group>"; };
		FC58D3FB266DD23F002C4C1A /* awsAppTests.xctest */ = {isa = PBXFileReference; explicitFileType = wrapper.cfbundle; includeInIndex = 0; path = awsAppTests.xctest; sourceTree = BUILT_PRODUCTS_DIR; };
		FC58D3FF266DD23F002C4C1A /* awsAppTests.swift */ = {isa = PBXFileReference; lastKnownFileType = sourcecode.swift; path = awsAppTests.swift; sourceTree = "<group>"; };
		FC58D401266DD23F002C4C1A /* Info.plist */ = {isa = PBXFileReference; lastKnownFileType = text.plist.xml; path = Info.plist; sourceTree = "<group>"; };
		FC58D406266DD23F002C4C1A /* awsAppUITests.xctest */ = {isa = PBXFileReference; explicitFileType = wrapper.cfbundle; includeInIndex = 0; path = awsAppUITests.xctest; sourceTree = BUILT_PRODUCTS_DIR; };
		FC58D40A266DD23F002C4C1A /* awsAppUITests.swift */ = {isa = PBXFileReference; lastKnownFileType = sourcecode.swift; path = awsAppUITests.swift; sourceTree = "<group>"; };
		FC58D40C266DD23F002C4C1A /* Info.plist */ = {isa = PBXFileReference; lastKnownFileType = text.plist.xml; path = Info.plist; sourceTree = "<group>"; };
		FCCC155C526D2EB6AA561737 /* awsconfiguration.json */ = {isa = PBXFileReference; explicitFileType = text.json; path = awsconfiguration.json; sourceTree = "<group>"; };
		FCF0CBF4266DDF9900B584AE /* amplifyconfiguration.json */ = {isa = PBXFileReference; fileEncoding = 4; lastKnownFileType = text.json; path = amplifyconfiguration.json; sourceTree = "<group>"; };
		FCF0CBF5266DDF9900B584AE /* awsconfiguration.json */ = {isa = PBXFileReference; fileEncoding = 4; lastKnownFileType = text.json; path = awsconfiguration.json; sourceTree = "<group>"; };
		FCF0CBF8266DDFAB00B584AE /* Backend.swift */ = {isa = PBXFileReference; lastKnownFileType = sourcecode.swift; path = Backend.swift; sourceTree = "<group>"; };
		FCF0CBFA266DDFCC00B584AE /* AppDelegate.swift */ = {isa = PBXFileReference; lastKnownFileType = sourcecode.swift; path = AppDelegate.swift; sourceTree = "<group>"; };
		FCF0CBFE266E6EF800B584AE /* NoteData.swift */ = {isa = PBXFileReference; fileEncoding = 4; lastKnownFileType = sourcecode.swift; path = NoteData.swift; sourceTree = "<group>"; };
		FCF0CBFF266E6EF800B584AE /* AmplifyModels.swift */ = {isa = PBXFileReference; fileEncoding = 4; lastKnownFileType = sourcecode.swift; path = AmplifyModels.swift; sourceTree = "<group>"; };
		FCF0CC00266E6EF800B584AE /* NoteData+Schema.swift */ = {isa = PBXFileReference; fileEncoding = 4; lastKnownFileType = sourcecode.swift; path = "NoteData+Schema.swift"; sourceTree = "<group>"; };
/* End PBXFileReference section */

/* Begin PBXFrameworksBuildPhase section */
		FC58D3E7266DD23B002C4C1A /* Frameworks */ = {
			isa = PBXFrameworksBuildPhase;
			buildActionMask = 2147483647;
			files = (
				DDD60BA22D02CB7BA2BEE008 /* Pods_awsApp.framework in Frameworks */,
			);
			runOnlyForDeploymentPostprocessing = 0;
		};
		FC58D3F8266DD23F002C4C1A /* Frameworks */ = {
			isa = PBXFrameworksBuildPhase;
			buildActionMask = 2147483647;
			files = (
			);
			runOnlyForDeploymentPostprocessing = 0;
		};
		FC58D403266DD23F002C4C1A /* Frameworks */ = {
			isa = PBXFrameworksBuildPhase;
			buildActionMask = 2147483647;
			files = (
			);
			runOnlyForDeploymentPostprocessing = 0;
		};
/* End PBXFrameworksBuildPhase section */

/* Begin PBXGroup section */
		4519722B9B571EC0EAB50998 /* Frameworks */ = {
			isa = PBXGroup;
			children = (
				579BA4FA7C669A8ABB0C380F /* Pods_awsApp.framework */,
			);
			name = Frameworks;
			sourceTree = "<group>";
		};
		96CF598B1B4D0B4EDBB320EC /* AmplifyConfig */ = {
			isa = PBXGroup;
			children = (
				FCCC155C526D2EB6AA561737 /* awsconfiguration.json */,
				D9BF4F050754FBF0B11F8B1B /* amplifyconfiguration.json */,
			);
			name = AmplifyConfig;
			sourceTree = "<group>";
		};
		A5A65CDADC0E849E36E0295D /* Pods */ = {
			isa = PBXGroup;
			children = (
				4FF1D760E31C285D8CABF78F /* Pods-awsApp.debug.xcconfig */,
				078B4590C59B8690C818F1E1 /* Pods-awsApp.release.xcconfig */,
			);
			path = Pods;
			sourceTree = "<group>";
		};
		B52B7C2D55D09FA455952BA1 /* AmplifyModels */ = {
			isa = PBXGroup;
			children = (
				A9991F64C8C41F8EC7165898 /* AmplifyModels.swift */,
				DB18863706AD85DE44C5D6D9 /* NoteData+Schema.swift */,
				CC59C7AE5C5842F03532504F /* NoteData.swift */,
			);
			name = AmplifyModels;
			sourceTree = "<group>";
		};
		FC58D3E1266DD23B002C4C1A = {
			isa = PBXGroup;
			children = (
				FC58D3EC266DD23B002C4C1A /* awsApp */,
				FC58D3FE266DD23F002C4C1A /* awsAppTests */,
				FC58D409266DD23F002C4C1A /* awsAppUITests */,
				FC58D3EB266DD23B002C4C1A /* Products */,
				A5A65CDADC0E849E36E0295D /* Pods */,
				96CF598B1B4D0B4EDBB320EC /* AmplifyConfig */,
				B52B7C2D55D09FA455952BA1 /* AmplifyModels */,
				4519722B9B571EC0EAB50998 /* Frameworks */,
			);
			sourceTree = "<group>";
		};
		FC58D3EB266DD23B002C4C1A /* Products */ = {
			isa = PBXGroup;
			children = (
				FC58D3EA266DD23B002C4C1A /* awsApp.app */,
				FC58D3FB266DD23F002C4C1A /* awsAppTests.xctest */,
				FC58D406266DD23F002C4C1A /* awsAppUITests.xctest */,
			);
			name = Products;
			sourceTree = "<group>";
		};
		FC58D3EC266DD23B002C4C1A /* awsApp */ = {
			isa = PBXGroup;
			children = (
				FCF0CBFC266E6EF800B584AE /* generated */,
				FCF0CBF4266DDF9900B584AE /* amplifyconfiguration.json */,
				FCF0CBF5266DDF9900B584AE /* awsconfiguration.json */,
				FC58D3ED266DD23B002C4C1A /* awsAppApp.swift */,
				FC58D3EF266DD23B002C4C1A /* ContentView.swift */,
				FC58D3F1266DD23E002C4C1A /* Assets.xcassets */,
				FC58D3F6266DD23E002C4C1A /* Info.plist */,
				FC58D3F3266DD23E002C4C1A /* Preview Content */,
				FCF0CBF8266DDFAB00B584AE /* Backend.swift */,
				FCF0CBFA266DDFCC00B584AE /* AppDelegate.swift */,
			);
			path = awsApp;
			sourceTree = "<group>";
		};
		FC58D3F3266DD23E002C4C1A /* Preview Content */ = {
			isa = PBXGroup;
			children = (
				FC58D3F4266DD23E002C4C1A /* Preview Assets.xcassets */,
			);
			path = "Preview Content";
			sourceTree = "<group>";
		};
		FC58D3FE266DD23F002C4C1A /* awsAppTests */ = {
			isa = PBXGroup;
			children = (
				FC58D3FF266DD23F002C4C1A /* awsAppTests.swift */,
				FC58D401266DD23F002C4C1A /* Info.plist */,
			);
			path = awsAppTests;
			sourceTree = "<group>";
		};
		FC58D409266DD23F002C4C1A /* awsAppUITests */ = {
			isa = PBXGroup;
			children = (
				FC58D40A266DD23F002C4C1A /* awsAppUITests.swift */,
				FC58D40C266DD23F002C4C1A /* Info.plist */,
			);
			path = awsAppUITests;
			sourceTree = "<group>";
		};
		FCF0CBFC266E6EF800B584AE /* generated */ = {
			isa = PBXGroup;
			children = (
				FCF0CBFD266E6EF800B584AE /* models */,
			);
			name = generated;
			path = amplify/generated;
			sourceTree = SOURCE_ROOT;
		};
		FCF0CBFD266E6EF800B584AE /* models */ = {
			isa = PBXGroup;
			children = (
				FCF0CBFE266E6EF800B584AE /* NoteData.swift */,
				FCF0CBFF266E6EF800B584AE /* AmplifyModels.swift */,
				FCF0CC00266E6EF800B584AE /* NoteData+Schema.swift */,
			);
			path = models;
			sourceTree = "<group>";
		};
/* End PBXGroup section */

/* Begin PBXNativeTarget section */
		FC58D3E9266DD23B002C4C1A /* awsApp */ = {
			isa = PBXNativeTarget;
			buildConfigurationList = FC58D40F266DD23F002C4C1A /* Build configuration list for PBXNativeTarget "awsApp" */;
			buildPhases = (
				8AA5F9AE1A84BC572F7ADA68 /* [CP] Check Pods Manifest.lock */,
				FC58D3E6266DD23B002C4C1A /* Sources */,
				FC58D3E7266DD23B002C4C1A /* Frameworks */,
				FC58D3E8266DD23B002C4C1A /* Resources */,
				6DBBA549C00E1B8D7A90F5DD /* [CP] Embed Pods Frameworks */,
			);
			buildRules = (
			);
			dependencies = (
			);
			name = awsApp;
			productName = awsApp;
			productReference = FC58D3EA266DD23B002C4C1A /* awsApp.app */;
			productType = "com.apple.product-type.application";
		};
		FC58D3FA266DD23F002C4C1A /* awsAppTests */ = {
			isa = PBXNativeTarget;
			buildConfigurationList = FC58D412266DD23F002C4C1A /* Build configuration list for PBXNativeTarget "awsAppTests" */;
			buildPhases = (
				FC58D3F7266DD23F002C4C1A /* Sources */,
				FC58D3F8266DD23F002C4C1A /* Frameworks */,
				FC58D3F9266DD23F002C4C1A /* Resources */,
			);
			buildRules = (
			);
			dependencies = (
				FC58D3FD266DD23F002C4C1A /* PBXTargetDependency */,
			);
			name = awsAppTests;
			productName = awsAppTests;
			productReference = FC58D3FB266DD23F002C4C1A /* awsAppTests.xctest */;
			productType = "com.apple.product-type.bundle.unit-test";
		};
		FC58D405266DD23F002C4C1A /* awsAppUITests */ = {
			isa = PBXNativeTarget;
			buildConfigurationList = FC58D415266DD23F002C4C1A /* Build configuration list for PBXNativeTarget "awsAppUITests" */;
			buildPhases = (
				FC58D402266DD23F002C4C1A /* Sources */,
				FC58D403266DD23F002C4C1A /* Frameworks */,
				FC58D404266DD23F002C4C1A /* Resources */,
			);
			buildRules = (
			);
			dependencies = (
				FC58D408266DD23F002C4C1A /* PBXTargetDependency */,
			);
			name = awsAppUITests;
			productName = awsAppUITests;
			productReference = FC58D406266DD23F002C4C1A /* awsAppUITests.xctest */;
			productType = "com.apple.product-type.bundle.ui-testing";
		};
/* End PBXNativeTarget section */

/* Begin PBXProject section */
		FC58D3E2266DD23B002C4C1A /* Project object */ = {
			isa = PBXProject;
			attributes = {
				LastSwiftUpdateCheck = 1250;
				LastUpgradeCheck = 1250;
				TargetAttributes = {
					FC58D3E9266DD23B002C4C1A = {
						CreatedOnToolsVersion = 12.5;
					};
					FC58D3FA266DD23F002C4C1A = {
						CreatedOnToolsVersion = 12.5;
						TestTargetID = FC58D3E9266DD23B002C4C1A;
					};
					FC58D405266DD23F002C4C1A = {
						CreatedOnToolsVersion = 12.5;
						TestTargetID = FC58D3E9266DD23B002C4C1A;
					};
				};
			};
			buildConfigurationList = FC58D3E5266DD23B002C4C1A /* Build configuration list for PBXProject "awsApp" */;
			compatibilityVersion = "Xcode 9.3";
			developmentRegion = en;
			hasScannedForEncodings = 0;
			knownRegions = (
				en,
				Base,
			);
			mainGroup = FC58D3E1266DD23B002C4C1A;
			productRefGroup = FC58D3EB266DD23B002C4C1A /* Products */;
			projectDirPath = "";
			projectRoot = "";
			targets = (
				FC58D3E9266DD23B002C4C1A /* awsApp */,
				FC58D3FA266DD23F002C4C1A /* awsAppTests */,
				FC58D405266DD23F002C4C1A /* awsAppUITests */,
			);
		};
/* End PBXProject section */

/* Begin PBXResourcesBuildPhase section */
		FC58D3E8266DD23B002C4C1A /* Resources */ = {
			isa = PBXResourcesBuildPhase;
			buildActionMask = 2147483647;
			files = (
				FCF0CBF7266DDF9900B584AE /* awsconfiguration.json in Resources */,
				FC58D3F5266DD23E002C4C1A /* Preview Assets.xcassets in Resources */,
				FCF0CBF6266DDF9900B584AE /* amplifyconfiguration.json in Resources */,
				FC58D3F2266DD23E002C4C1A /* Assets.xcassets in Resources */,
			);
			runOnlyForDeploymentPostprocessing = 0;
		};
		FC58D3F9266DD23F002C4C1A /* Resources */ = {
			isa = PBXResourcesBuildPhase;
			buildActionMask = 2147483647;
			files = (
			);
			runOnlyForDeploymentPostprocessing = 0;
		};
		FC58D404266DD23F002C4C1A /* Resources */ = {
			isa = PBXResourcesBuildPhase;
			buildActionMask = 2147483647;
			files = (
				59F4A1276AFE47FA0D000953 /* awsconfiguration.json in Resources */,
				BF383822D9FF7E6B6A561499 /* amplifyconfiguration.json in Resources */,
			);
			runOnlyForDeploymentPostprocessing = 0;
		};
/* End PBXResourcesBuildPhase section */

/* Begin PBXShellScriptBuildPhase section */
		6DBBA549C00E1B8D7A90F5DD /* [CP] Embed Pods Frameworks */ = {
			isa = PBXShellScriptBuildPhase;
			buildActionMask = 2147483647;
			files = (
			);
			inputFileListPaths = (
				"${PODS_ROOT}/Target Support Files/Pods-awsApp/Pods-awsApp-frameworks-${CONFIGURATION}-input-files.xcfilelist",
			);
			name = "[CP] Embed Pods Frameworks";
			outputFileListPaths = (
				"${PODS_ROOT}/Target Support Files/Pods-awsApp/Pods-awsApp-frameworks-${CONFIGURATION}-output-files.xcfilelist",
			);
			runOnlyForDeploymentPostprocessing = 0;
			shellPath = /bin/sh;
			shellScript = "\"${PODS_ROOT}/Target Support Files/Pods-awsApp/Pods-awsApp-frameworks.sh\"\n";
			showEnvVarsInLog = 0;
		};
		8AA5F9AE1A84BC572F7ADA68 /* [CP] Check Pods Manifest.lock */ = {
			isa = PBXShellScriptBuildPhase;
			buildActionMask = 2147483647;
			files = (
			);
			inputFileListPaths = (
			);
			inputPaths = (
				"${PODS_PODFILE_DIR_PATH}/Podfile.lock",
				"${PODS_ROOT}/Manifest.lock",
			);
			name = "[CP] Check Pods Manifest.lock";
			outputFileListPaths = (
			);
			outputPaths = (
				"$(DERIVED_FILE_DIR)/Pods-awsApp-checkManifestLockResult.txt",
			);
			runOnlyForDeploymentPostprocessing = 0;
			shellPath = /bin/sh;
			shellScript = "diff \"${PODS_PODFILE_DIR_PATH}/Podfile.lock\" \"${PODS_ROOT}/Manifest.lock\" > /dev/null\nif [ $? != 0 ] ; then\n    # print error to STDERR\n    echo \"error: The sandbox is not in sync with the Podfile.lock. Run 'pod install' or update your CocoaPods installation.\" >&2\n    exit 1\nfi\n# This output is used by Xcode 'outputs' to avoid re-running this script phase.\necho \"SUCCESS\" > \"${SCRIPT_OUTPUT_FILE_0}\"\n";
			showEnvVarsInLog = 0;
		};
/* End PBXShellScriptBuildPhase section */

/* Begin PBXSourcesBuildPhase section */
		FC58D3E6266DD23B002C4C1A /* Sources */ = {
			isa = PBXSourcesBuildPhase;
			buildActionMask = 2147483647;
			files = (
				FCF0CBFB266DDFCC00B584AE /* AppDelegate.swift in Sources */,
				FC58D3F0266DD23B002C4C1A /* ContentView.swift in Sources */,
				FCF0CC01266E6EF800B584AE /* NoteData.swift in Sources */,
				FC58D3EE266DD23B002C4C1A /* awsAppApp.swift in Sources */,
				FCF0CC02266E6EF800B584AE /* AmplifyModels.swift in Sources */,
				FCF0CBF9266DDFAB00B584AE /* Backend.swift in Sources */,
				FCF0CC03266E6EF900B584AE /* NoteData+Schema.swift in Sources */,
			);
			runOnlyForDeploymentPostprocessing = 0;
		};
		FC58D3F7266DD23F002C4C1A /* Sources */ = {
			isa = PBXSourcesBuildPhase;
			buildActionMask = 2147483647;
			files = (
				FC58D400266DD23F002C4C1A /* awsAppTests.swift in Sources */,
			);
			runOnlyForDeploymentPostprocessing = 0;
		};
		FC58D402266DD23F002C4C1A /* Sources */ = {
			isa = PBXSourcesBuildPhase;
			buildActionMask = 2147483647;
			files = (
				FC58D40B266DD23F002C4C1A /* awsAppUITests.swift in Sources */,
				1352FE2CA3BFBB08CE1258C8 /* AmplifyModels.swift in Sources */,
				3664D0A3F222A94582312103 /* NoteData+Schema.swift in Sources */,
				A599A61B63A3CC89786ED66D /* NoteData.swift in Sources */,
			);
			runOnlyForDeploymentPostprocessing = 0;
		};
/* End PBXSourcesBuildPhase section */

/* Begin PBXTargetDependency section */
		FC58D3FD266DD23F002C4C1A /* PBXTargetDependency */ = {
			isa = PBXTargetDependency;
			target = FC58D3E9266DD23B002C4C1A /* awsApp */;
			targetProxy = FC58D3FC266DD23F002C4C1A /* PBXContainerItemProxy */;
		};
		FC58D408266DD23F002C4C1A /* PBXTargetDependency */ = {
			isa = PBXTargetDependency;
			target = FC58D3E9266DD23B002C4C1A /* awsApp */;
			targetProxy = FC58D407266DD23F002C4C1A /* PBXContainerItemProxy */;
		};
/* End PBXTargetDependency section */

/* Begin XCBuildConfiguration section */
		FC58D40D266DD23F002C4C1A /* Debug */ = {
			isa = XCBuildConfiguration;
			buildSettings = {
				ALWAYS_SEARCH_USER_PATHS = NO;
				CLANG_ANALYZER_NONNULL = YES;
				CLANG_ANALYZER_NUMBER_OBJECT_CONVERSION = YES_AGGRESSIVE;
				CLANG_CXX_LANGUAGE_STANDARD = "gnu++14";
				CLANG_CXX_LIBRARY = "libc++";
				CLANG_ENABLE_MODULES = YES;
				CLANG_ENABLE_OBJC_ARC = YES;
				CLANG_ENABLE_OBJC_WEAK = YES;
				CLANG_WARN_BLOCK_CAPTURE_AUTORELEASING = YES;
				CLANG_WARN_BOOL_CONVERSION = YES;
				CLANG_WARN_COMMA = YES;
				CLANG_WARN_CONSTANT_CONVERSION = YES;
				CLANG_WARN_DEPRECATED_OBJC_IMPLEMENTATIONS = YES;
				CLANG_WARN_DIRECT_OBJC_ISA_USAGE = YES_ERROR;
				CLANG_WARN_DOCUMENTATION_COMMENTS = YES;
				CLANG_WARN_EMPTY_BODY = YES;
				CLANG_WARN_ENUM_CONVERSION = YES;
				CLANG_WARN_INFINITE_RECURSION = YES;
				CLANG_WARN_INT_CONVERSION = YES;
				CLANG_WARN_NON_LITERAL_NULL_CONVERSION = YES;
				CLANG_WARN_OBJC_IMPLICIT_RETAIN_SELF = YES;
				CLANG_WARN_OBJC_LITERAL_CONVERSION = YES;
				CLANG_WARN_OBJC_ROOT_CLASS = YES_ERROR;
				CLANG_WARN_QUOTED_INCLUDE_IN_FRAMEWORK_HEADER = YES;
				CLANG_WARN_RANGE_LOOP_ANALYSIS = YES;
				CLANG_WARN_STRICT_PROTOTYPES = YES;
				CLANG_WARN_SUSPICIOUS_MOVE = YES;
				CLANG_WARN_UNGUARDED_AVAILABILITY = YES_AGGRESSIVE;
				CLANG_WARN_UNREACHABLE_CODE = YES;
				CLANG_WARN__DUPLICATE_METHOD_MATCH = YES;
				COPY_PHASE_STRIP = NO;
				DEBUG_INFORMATION_FORMAT = dwarf;
				ENABLE_STRICT_OBJC_MSGSEND = YES;
				ENABLE_TESTABILITY = YES;
				GCC_C_LANGUAGE_STANDARD = gnu11;
				GCC_DYNAMIC_NO_PIC = NO;
				GCC_NO_COMMON_BLOCKS = YES;
				GCC_OPTIMIZATION_LEVEL = 0;
				GCC_PREPROCESSOR_DEFINITIONS = (
					"DEBUG=1",
					"$(inherited)",
				);
				GCC_WARN_64_TO_32_BIT_CONVERSION = YES;
				GCC_WARN_ABOUT_RETURN_TYPE = YES_ERROR;
				GCC_WARN_UNDECLARED_SELECTOR = YES;
				GCC_WARN_UNINITIALIZED_AUTOS = YES_AGGRESSIVE;
				GCC_WARN_UNUSED_FUNCTION = YES;
				GCC_WARN_UNUSED_VARIABLE = YES;
				IPHONEOS_DEPLOYMENT_TARGET = 14.5;
				MTL_ENABLE_DEBUG_INFO = INCLUDE_SOURCE;
				MTL_FAST_MATH = YES;
				ONLY_ACTIVE_ARCH = YES;
				SDKROOT = iphoneos;
				SWIFT_ACTIVE_COMPILATION_CONDITIONS = DEBUG;
				SWIFT_OPTIMIZATION_LEVEL = "-Onone";
			};
			name = Debug;
		};
		FC58D40E266DD23F002C4C1A /* Release */ = {
			isa = XCBuildConfiguration;
			buildSettings = {
				ALWAYS_SEARCH_USER_PATHS = NO;
				CLANG_ANALYZER_NONNULL = YES;
				CLANG_ANALYZER_NUMBER_OBJECT_CONVERSION = YES_AGGRESSIVE;
				CLANG_CXX_LANGUAGE_STANDARD = "gnu++14";
				CLANG_CXX_LIBRARY = "libc++";
				CLANG_ENABLE_MODULES = YES;
				CLANG_ENABLE_OBJC_ARC = YES;
				CLANG_ENABLE_OBJC_WEAK = YES;
				CLANG_WARN_BLOCK_CAPTURE_AUTORELEASING = YES;
				CLANG_WARN_BOOL_CONVERSION = YES;
				CLANG_WARN_COMMA = YES;
				CLANG_WARN_CONSTANT_CONVERSION = YES;
				CLANG_WARN_DEPRECATED_OBJC_IMPLEMENTATIONS = YES;
				CLANG_WARN_DIRECT_OBJC_ISA_USAGE = YES_ERROR;
				CLANG_WARN_DOCUMENTATION_COMMENTS = YES;
				CLANG_WARN_EMPTY_BODY = YES;
				CLANG_WARN_ENUM_CONVERSION = YES;
				CLANG_WARN_INFINITE_RECURSION = YES;
				CLANG_WARN_INT_CONVERSION = YES;
				CLANG_WARN_NON_LITERAL_NULL_CONVERSION = YES;
				CLANG_WARN_OBJC_IMPLICIT_RETAIN_SELF = YES;
				CLANG_WARN_OBJC_LITERAL_CONVERSION = YES;
				CLANG_WARN_OBJC_ROOT_CLASS = YES_ERROR;
				CLANG_WARN_QUOTED_INCLUDE_IN_FRAMEWORK_HEADER = YES;
				CLANG_WARN_RANGE_LOOP_ANALYSIS = YES;
				CLANG_WARN_STRICT_PROTOTYPES = YES;
				CLANG_WARN_SUSPICIOUS_MOVE = YES;
				CLANG_WARN_UNGUARDED_AVAILABILITY = YES_AGGRESSIVE;
				CLANG_WARN_UNREACHABLE_CODE = YES;
				CLANG_WARN__DUPLICATE_METHOD_MATCH = YES;
				COPY_PHASE_STRIP = NO;
				DEBUG_INFORMATION_FORMAT = "dwarf-with-dsym";
				ENABLE_NS_ASSERTIONS = NO;
				ENABLE_STRICT_OBJC_MSGSEND = YES;
				GCC_C_LANGUAGE_STANDARD = gnu11;
				GCC_NO_COMMON_BLOCKS = YES;
				GCC_WARN_64_TO_32_BIT_CONVERSION = YES;
				GCC_WARN_ABOUT_RETURN_TYPE = YES_ERROR;
				GCC_WARN_UNDECLARED_SELECTOR = YES;
				GCC_WARN_UNINITIALIZED_AUTOS = YES_AGGRESSIVE;
				GCC_WARN_UNUSED_FUNCTION = YES;
				GCC_WARN_UNUSED_VARIABLE = YES;
				IPHONEOS_DEPLOYMENT_TARGET = 14.5;
				MTL_ENABLE_DEBUG_INFO = NO;
				MTL_FAST_MATH = YES;
				SDKROOT = iphoneos;
				SWIFT_COMPILATION_MODE = wholemodule;
				SWIFT_OPTIMIZATION_LEVEL = "-O";
				VALIDATE_PRODUCT = YES;
			};
			name = Release;
		};
		FC58D410266DD23F002C4C1A /* Debug */ = {
			isa = XCBuildConfiguration;
			baseConfigurationReference = 4FF1D760E31C285D8CABF78F /* Pods-awsApp.debug.xcconfig */;
			buildSettings = {
				ASSETCATALOG_COMPILER_APPICON_NAME = AppIcon;
				ASSETCATALOG_COMPILER_GLOBAL_ACCENT_COLOR_NAME = AccentColor;
				CODE_SIGN_STYLE = Automatic;
				DEVELOPMENT_ASSET_PATHS = "\"awsApp/Preview Content\"";
				DEVELOPMENT_TEAM = V88L6AR4M4;
				ENABLE_PREVIEWS = YES;
				INFOPLIST_FILE = awsApp/Info.plist;
				IPHONEOS_DEPLOYMENT_TARGET = 14.0;
				LD_RUNPATH_SEARCH_PATHS = (
					"$(inherited)",
					"@executable_path/Frameworks",
				);
				PRODUCT_BUNDLE_IDENTIFIER = com.dhruv.awsApp;
				PRODUCT_NAME = "$(TARGET_NAME)";
				SWIFT_VERSION = 5.0;
				TARGETED_DEVICE_FAMILY = "1,2";
			};
			name = Debug;
		};
		FC58D411266DD23F002C4C1A /* Release */ = {
			isa = XCBuildConfiguration;
			baseConfigurationReference = 078B4590C59B8690C818F1E1 /* Pods-awsApp.release.xcconfig */;
			buildSettings = {
				ASSETCATALOG_COMPILER_APPICON_NAME = AppIcon;
				ASSETCATALOG_COMPILER_GLOBAL_ACCENT_COLOR_NAME = AccentColor;
				CODE_SIGN_STYLE = Automatic;
				DEVELOPMENT_ASSET_PATHS = "\"awsApp/Preview Content\"";
				DEVELOPMENT_TEAM = V88L6AR4M4;
				ENABLE_PREVIEWS = YES;
				INFOPLIST_FILE = awsApp/Info.plist;
				IPHONEOS_DEPLOYMENT_TARGET = 14.0;
				LD_RUNPATH_SEARCH_PATHS = (
					"$(inherited)",
					"@executable_path/Frameworks",
				);
				PRODUCT_BUNDLE_IDENTIFIER = com.dhruv.awsApp;
				PRODUCT_NAME = "$(TARGET_NAME)";
				SWIFT_VERSION = 5.0;
				TARGETED_DEVICE_FAMILY = "1,2";
			};
			name = Release;
		};
		FC58D413266DD23F002C4C1A /* Debug */ = {
			isa = XCBuildConfiguration;
			buildSettings = {
				ALWAYS_EMBED_SWIFT_STANDARD_LIBRARIES = YES;
				BUNDLE_LOADER = "$(TEST_HOST)";
				CODE_SIGN_STYLE = Automatic;
				DEVELOPMENT_TEAM = V88L6AR4M4;
				INFOPLIST_FILE = awsAppTests/Info.plist;
				IPHONEOS_DEPLOYMENT_TARGET = 14.0;
				LD_RUNPATH_SEARCH_PATHS = (
					"$(inherited)",
					"@executable_path/Frameworks",
					"@loader_path/Frameworks",
				);
				PRODUCT_BUNDLE_IDENTIFIER = com.dhruv.awsAppTests;
				PRODUCT_NAME = "$(TARGET_NAME)";
				SWIFT_VERSION = 5.0;
				TARGETED_DEVICE_FAMILY = "1,2";
				TEST_HOST = "$(BUILT_PRODUCTS_DIR)/awsApp.app/awsApp";
			};
			name = Debug;
		};
		FC58D414266DD23F002C4C1A /* Release */ = {
			isa = XCBuildConfiguration;
			buildSettings = {
				ALWAYS_EMBED_SWIFT_STANDARD_LIBRARIES = YES;
				BUNDLE_LOADER = "$(TEST_HOST)";
				CODE_SIGN_STYLE = Automatic;
				DEVELOPMENT_TEAM = V88L6AR4M4;
				INFOPLIST_FILE = awsAppTests/Info.plist;
				IPHONEOS_DEPLOYMENT_TARGET = 14.0;
				LD_RUNPATH_SEARCH_PATHS = (
					"$(inherited)",
					"@executable_path/Frameworks",
					"@loader_path/Frameworks",
				);
				PRODUCT_BUNDLE_IDENTIFIER = com.dhruv.awsAppTests;
				PRODUCT_NAME = "$(TARGET_NAME)";
				SWIFT_VERSION = 5.0;
				TARGETED_DEVICE_FAMILY = "1,2";
				TEST_HOST = "$(BUILT_PRODUCTS_DIR)/awsApp.app/awsApp";
			};
			name = Release;
		};
		FC58D416266DD23F002C4C1A /* Debug */ = {
			isa = XCBuildConfiguration;
			buildSettings = {
				ALWAYS_EMBED_SWIFT_STANDARD_LIBRARIES = YES;
				CODE_SIGN_STYLE = Automatic;
				DEVELOPMENT_TEAM = V88L6AR4M4;
				INFOPLIST_FILE = awsAppUITests/Info.plist;
				LD_RUNPATH_SEARCH_PATHS = (
					"$(inherited)",
					"@executable_path/Frameworks",
					"@loader_path/Frameworks",
				);
				PRODUCT_BUNDLE_IDENTIFIER = com.dhruv.awsAppUITests;
				PRODUCT_NAME = "$(TARGET_NAME)";
				SWIFT_VERSION = 5.0;
				TARGETED_DEVICE_FAMILY = "1,2";
				TEST_TARGET_NAME = awsApp;
			};
			name = Debug;
		};
		FC58D417266DD23F002C4C1A /* Release */ = {
			isa = XCBuildConfiguration;
			buildSettings = {
				ALWAYS_EMBED_SWIFT_STANDARD_LIBRARIES = YES;
				CODE_SIGN_STYLE = Automatic;
				DEVELOPMENT_TEAM = V88L6AR4M4;
				INFOPLIST_FILE = awsAppUITests/Info.plist;
				LD_RUNPATH_SEARCH_PATHS = (
					"$(inherited)",
					"@executable_path/Frameworks",
					"@loader_path/Frameworks",
				);
				PRODUCT_BUNDLE_IDENTIFIER = com.dhruv.awsAppUITests;
				PRODUCT_NAME = "$(TARGET_NAME)";
				SWIFT_VERSION = 5.0;
				TARGETED_DEVICE_FAMILY = "1,2";
				TEST_TARGET_NAME = awsApp;
			};
			name = Release;
		};
/* End XCBuildConfiguration section */

/* Begin XCConfigurationList section */
		FC58D3E5266DD23B002C4C1A /* Build configuration list for PBXProject "awsApp" */ = {
			isa = XCConfigurationList;
			buildConfigurations = (
				FC58D40D266DD23F002C4C1A /* Debug */,
				FC58D40E266DD23F002C4C1A /* Release */,
			);
			defaultConfigurationIsVisible = 0;
			defaultConfigurationName = Release;
		};
		FC58D40F266DD23F002C4C1A /* Build configuration list for PBXNativeTarget "awsApp" */ = {
			isa = XCConfigurationList;
			buildConfigurations = (
				FC58D410266DD23F002C4C1A /* Debug */,
				FC58D411266DD23F002C4C1A /* Release */,
			);
			defaultConfigurationIsVisible = 0;
			defaultConfigurationName = Release;
		};
		FC58D412266DD23F002C4C1A /* Build configuration list for PBXNativeTarget "awsAppTests" */ = {
			isa = XCConfigurationList;
			buildConfigurations = (
				FC58D413266DD23F002C4C1A /* Debug */,
				FC58D414266DD23F002C4C1A /* Release */,
			);
			defaultConfigurationIsVisible = 0;
			defaultConfigurationName = Release;
		};
		FC58D415266DD23F002C4C1A /* Build configuration list for PBXNativeTarget "awsAppUITests" */ = {
			isa = XCConfigurationList;
			buildConfigurations = (
				FC58D416266DD23F002C4C1A /* Debug */,
				FC58D417266DD23F002C4C1A /* Release */,
			);
			defaultConfigurationIsVisible = 0;
			defaultConfigurationName = Release;
		};
/* End XCConfigurationList section */
	};
	rootObject = FC58D3E2266DD23B002C4C1A /* Project object */;
}
